
Microsoft Visual Studio Solution File, Format Version 12.00
# Visual Studio Version 16
VisualStudioVersion = 16.0.30330.147
MinimumVisualStudioVersion = 10.0.40219.1
Project("{FAE04EC0-301F-11D3-BF4B-00C04F79EFBC}") = "ProeictHusacFelix", "ProeictHusacFelix.csproj", "{B8120484-97A9-4735-ABA5-E73FFDD43351}"
EndProject
Project("{FAE04EC0-301F-11D3-BF4B-00C04F79EFBC}") = "ProeictHusacFelixTests", "..\ProeictHusacFelixTests\ProeictHusacFelixTests.csproj", "{25DE2A66-74FF-4570-BD84-7FAC87551F4C}"
EndProject
Global
	GlobalSection(SolutionConfigurationPlatforms) = preSolution
		Debug|Any CPU = Debug|Any CPU
		Release|Any CPU = Release|Any CPU
	EndGlobalSection
	GlobalSection(ProjectConfigurationPlatforms) = postSolution
		{B8120484-97A9-4735-ABA5-E73FFDD43351}.Debug|Any CPU.ActiveCfg = Debug|Any CPU
		{B8120484-97A9-4735-ABA5-E73FFDD43351}.Debug|Any CPU.Build.0 = Debug|Any CPU
		{B8120484-97A9-4735-ABA5-E73FFDD43351}.Release|Any CPU.ActiveCfg = Release|Any CPU
		{B8120484-97A9-4735-ABA5-E73FFDD43351}.Release|Any CPU.Build.0 = Release|Any CPU
		{25DE2A66-74FF-4570-BD84-7FAC87551F4C}.Debug|Any CPU.ActiveCfg = Debug|Any CPU
		{25DE2A66-74FF-4570-BD84-7FAC87551F4C}.Debug|Any CPU.Build.0 = Debug|Any CPU
		{25DE2A66-74FF-4570-BD84-7FAC87551F4C}.Release|Any CPU.ActiveCfg = Release|Any CPU
		{25DE2A66-74FF-4570-BD84-7FAC87551F4C}.Release|Any CPU.Build.0 = Release|Any CPU
	EndGlobalSection
	GlobalSection(SolutionProperties) = preSolution
		HideSolutionNode = FALSE
	EndGlobalSection
	GlobalSection(ExtensibilityGlobals) = postSolution
		SolutionGuid = {B94E8F64-418B-4AB4-898A-AF01E52A8633}
	EndGlobalSection
EndGlobal
